PODS:
  - DZNCategories/Cocoa (1.1.2):
    - DZNCategories/CoreData
    - DZNCategories/CoreGraphics
    - DZNCategories/CoreLocation
    - DZNCategories/Foundation
    - DZNCategories/MapKit
    - DZNCategories/UIKit
  - DZNCategories/CoreData (1.1.2)
  - DZNCategories/CoreGraphics (1.1.2)
  - DZNCategories/CoreLocation (1.1.2)
  - DZNCategories/Foundation (1.1.2)
  - DZNCategories/MapKit (1.1.2):
    - DZNCategories/CoreLocation
  - DZNCategories/UIKit (1.1.2):
    - DZNCategories/CoreGraphics
    - DZNCategories/Foundation
  - Kiwi (2.3.0)

DEPENDENCIES:
  - DZNCategories/Cocoa (from `../`)
  - Kiwi (~> 2.3)

EXTERNAL SOURCES:
  DZNCategories:
    :path: ../

SPEC CHECKSUMS:
  DZNCategories: fa015723ecde65816faa4e6435a1cfefbb819188
  Kiwi: 54bece5b35564d9b8e03c608d926f1a22fcfc589

COCOAPODS: 0.33.1
